
Microsoft Visual Studio Solution File, Format Version 12.00
Project("{FAE04EC0-301F-11D3-BF4B-00C04F79EFBC}") = "HelloWorld", "src\HelloWorld\HelloWorld.csproj", "{D7217481-39D2-4C1A-AE30-AF2300D8D514}"
EndProject
Project("{FAE04EC0-301F-11D3-BF4B-00C04F79EFBC}") = "HelloWorld.Tests", "test\HelloWorld.Test\HelloWorld.Tests.csproj", "{FBA93529-0CBA-4E12-9F56-65B189EEEA9B}"
EndProject
Project("{FAE04EC0-301F-11D3-BF4B-00C04F79EFBC}") = "Database.Contract", "Database.Contract\Database.Contract.csproj", "{3D88421D-F51D-41DA-9568-524C79F4F444}"
EndProject
Project("{FAE04EC0-301F-11D3-BF4B-00C04F79EFBC}") = "HelloName", "src\HelloName\HelloName.csproj", "{CD608D3D-8F73-4523-8285-479B834D9E80}"
EndProject
Global
	GlobalSection(SolutionConfigurationPlatforms) = preSolution
		Debug|Any CPU = Debug|Any CPU
		Release|Any CPU = Release|Any CPU
	EndGlobalSection
	GlobalSection(ProjectConfigurationPlatforms) = postSolution
		{D7217481-39D2-4C1A-AE30-AF2300D8D514}.Debug|Any CPU.ActiveCfg = Debug|Any CPU
		{D7217481-39D2-4C1A-AE30-AF2300D8D514}.Debug|Any CPU.Build.0 = Debug|Any CPU
		{D7217481-39D2-4C1A-AE30-AF2300D8D514}.Release|Any CPU.ActiveCfg = Release|Any CPU
		{D7217481-39D2-4C1A-AE30-AF2300D8D514}.Release|Any CPU.Build.0 = Release|Any CPU
		{FBA93529-0CBA-4E12-9F56-65B189EEEA9B}.Debug|Any CPU.ActiveCfg = Debug|Any CPU
		{FBA93529-0CBA-4E12-9F56-65B189EEEA9B}.Debug|Any CPU.Build.0 = Debug|Any CPU
		{FBA93529-0CBA-4E12-9F56-65B189EEEA9B}.Release|Any CPU.ActiveCfg = Release|Any CPU
		{FBA93529-0CBA-4E12-9F56-65B189EEEA9B}.Release|Any CPU.Build.0 = Release|Any CPU
		{3D88421D-F51D-41DA-9568-524C79F4F444}.Debug|Any CPU.ActiveCfg = Debug|Any CPU
		{3D88421D-F51D-41DA-9568-524C79F4F444}.Debug|Any CPU.Build.0 = Debug|Any CPU
		{3D88421D-F51D-41DA-9568-524C79F4F444}.Release|Any CPU.ActiveCfg = Release|Any CPU
		{3D88421D-F51D-41DA-9568-524C79F4F444}.Release|Any CPU.Build.0 = Release|Any CPU
		{CD608D3D-8F73-4523-8285-479B834D9E80}.Debug|Any CPU.ActiveCfg = Debug|Any CPU
		{CD608D3D-8F73-4523-8285-479B834D9E80}.Debug|Any CPU.Build.0 = Debug|Any CPU
		{CD608D3D-8F73-4523-8285-479B834D9E80}.Release|Any CPU.ActiveCfg = Release|Any CPU
		{CD608D3D-8F73-4523-8285-479B834D9E80}.Release|Any CPU.Build.0 = Release|Any CPU
	EndGlobalSection
EndGlobal
