
Microsoft Visual Studio Solution File, Format Version 12.00
Project("{FAE04EC0-301F-11D3-BF4B-00C04F79EFBC}") = "Endpoints", "src\Endpoints\Endpoints.csproj", "{CD608D3D-8F73-4523-8285-479B834D9E80}"
EndProject
Project("{FAE04EC0-301F-11D3-BF4B-00C04F79EFBC}") = "Services.Interfaces", "src\Services.Interfaces\Services.Interfaces.csproj", "{610CF6C7-3337-44CA-8AF5-434A33D0A410}"
EndProject
Project("{FAE04EC0-301F-11D3-BF4B-00C04F79EFBC}") = "Services", "src\Services\Services.csproj", "{E5EF0DB8-313C-4DD3-A3C6-9615F39DF762}"
EndProject
Project("{FAE04EC0-301F-11D3-BF4B-00C04F79EFBC}") = "Services.Tests", "test\Services.Tests\Services.Tests.csproj", "{56B8692C-C15B-4894-8923-E2C5FDB18F2D}"
EndProject
Project("{FAE04EC0-301F-11D3-BF4B-00C04F79EFBC}") = "Database", "src\Database\Database.csproj", "{D5AAE659-E260-42DF-AAA9-3A93031A1ADB}"
EndProject
Project("{FAE04EC0-301F-11D3-BF4B-00C04F79EFBC}") = "Database.Entities", "src\Database.Entities\Database.Entities.csproj", "{BDE80288-6FA7-46D9-919F-36468B459779}"
EndProject
Project("{FAE04EC0-301F-11D3-BF4B-00C04F79EFBC}") = "Endpoints.Interfaces", "src\Endpoints.Interfaces\Endpoints.Interfaces.csproj", "{2C2A8F4D-D448-49C0-8CBC-57A29C7AFD2B}"
EndProject
Project("{FAE04EC0-301F-11D3-BF4B-00C04F79EFBC}") = "Database.Tests", "test\Database.Tests\Database.Tests.csproj", "{391F37BD-846D-414B-BF17-78EE38D37D95}"
EndProject
Project("{FAE04EC0-301F-11D3-BF4B-00C04F79EFBC}") = "Authentication", "src\Authentication\Authentication.csproj", "{DD74B117-7D47-40AA-BF7C-CF0F0218AC77}"
EndProject
Project("{FAE04EC0-301F-11D3-BF4B-00C04F79EFBC}") = "FileStorage", "src\FileStorage\FileStorage.csproj", "{C1FE7F57-D74E-42D2-AC34-E9CB08739420}"
EndProject
Project("{FAE04EC0-301F-11D3-BF4B-00C04F79EFBC}") = "Endpoints.Dto", "src\Endpoints.Dto\Endpoints.Dto.csproj", "{B6FF8646-E475-4724-B383-604090B0E6D0}"
EndProject
Global
	GlobalSection(SolutionConfigurationPlatforms) = preSolution
		Debug|Any CPU = Debug|Any CPU
		Release|Any CPU = Release|Any CPU
	EndGlobalSection
	GlobalSection(ProjectConfigurationPlatforms) = postSolution
		{CD608D3D-8F73-4523-8285-479B834D9E80}.Debug|Any CPU.ActiveCfg = Debug|Any CPU
		{CD608D3D-8F73-4523-8285-479B834D9E80}.Debug|Any CPU.Build.0 = Debug|Any CPU
		{CD608D3D-8F73-4523-8285-479B834D9E80}.Release|Any CPU.ActiveCfg = Release|Any CPU
		{CD608D3D-8F73-4523-8285-479B834D9E80}.Release|Any CPU.Build.0 = Release|Any CPU
		{610CF6C7-3337-44CA-8AF5-434A33D0A410}.Debug|Any CPU.ActiveCfg = Debug|Any CPU
		{610CF6C7-3337-44CA-8AF5-434A33D0A410}.Debug|Any CPU.Build.0 = Debug|Any CPU
		{610CF6C7-3337-44CA-8AF5-434A33D0A410}.Release|Any CPU.ActiveCfg = Release|Any CPU
		{610CF6C7-3337-44CA-8AF5-434A33D0A410}.Release|Any CPU.Build.0 = Release|Any CPU
		{E5EF0DB8-313C-4DD3-A3C6-9615F39DF762}.Debug|Any CPU.ActiveCfg = Debug|Any CPU
		{E5EF0DB8-313C-4DD3-A3C6-9615F39DF762}.Debug|Any CPU.Build.0 = Debug|Any CPU
		{E5EF0DB8-313C-4DD3-A3C6-9615F39DF762}.Release|Any CPU.ActiveCfg = Release|Any CPU
		{E5EF0DB8-313C-4DD3-A3C6-9615F39DF762}.Release|Any CPU.Build.0 = Release|Any CPU
		{56B8692C-C15B-4894-8923-E2C5FDB18F2D}.Debug|Any CPU.ActiveCfg = Debug|Any CPU
		{56B8692C-C15B-4894-8923-E2C5FDB18F2D}.Debug|Any CPU.Build.0 = Debug|Any CPU
		{56B8692C-C15B-4894-8923-E2C5FDB18F2D}.Release|Any CPU.ActiveCfg = Release|Any CPU
		{56B8692C-C15B-4894-8923-E2C5FDB18F2D}.Release|Any CPU.Build.0 = Release|Any CPU
		{D5AAE659-E260-42DF-AAA9-3A93031A1ADB}.Debug|Any CPU.ActiveCfg = Debug|Any CPU
		{D5AAE659-E260-42DF-AAA9-3A93031A1ADB}.Debug|Any CPU.Build.0 = Debug|Any CPU
		{D5AAE659-E260-42DF-AAA9-3A93031A1ADB}.Release|Any CPU.ActiveCfg = Release|Any CPU
		{D5AAE659-E260-42DF-AAA9-3A93031A1ADB}.Release|Any CPU.Build.0 = Release|Any CPU
		{BDE80288-6FA7-46D9-919F-36468B459779}.Debug|Any CPU.ActiveCfg = Debug|Any CPU
		{BDE80288-6FA7-46D9-919F-36468B459779}.Debug|Any CPU.Build.0 = Debug|Any CPU
		{BDE80288-6FA7-46D9-919F-36468B459779}.Release|Any CPU.ActiveCfg = Release|Any CPU
		{BDE80288-6FA7-46D9-919F-36468B459779}.Release|Any CPU.Build.0 = Release|Any CPU
		{2C2A8F4D-D448-49C0-8CBC-57A29C7AFD2B}.Debug|Any CPU.ActiveCfg = Debug|Any CPU
		{2C2A8F4D-D448-49C0-8CBC-57A29C7AFD2B}.Debug|Any CPU.Build.0 = Debug|Any CPU
		{2C2A8F4D-D448-49C0-8CBC-57A29C7AFD2B}.Release|Any CPU.ActiveCfg = Release|Any CPU
		{2C2A8F4D-D448-49C0-8CBC-57A29C7AFD2B}.Release|Any CPU.Build.0 = Release|Any CPU
		{391F37BD-846D-414B-BF17-78EE38D37D95}.Debug|Any CPU.ActiveCfg = Debug|Any CPU
		{391F37BD-846D-414B-BF17-78EE38D37D95}.Debug|Any CPU.Build.0 = Debug|Any CPU
		{391F37BD-846D-414B-BF17-78EE38D37D95}.Release|Any CPU.ActiveCfg = Release|Any CPU
		{391F37BD-846D-414B-BF17-78EE38D37D95}.Release|Any CPU.Build.0 = Release|Any CPU
		{DD74B117-7D47-40AA-BF7C-CF0F0218AC77}.Debug|Any CPU.ActiveCfg = Debug|Any CPU
		{DD74B117-7D47-40AA-BF7C-CF0F0218AC77}.Debug|Any CPU.Build.0 = Debug|Any CPU
		{DD74B117-7D47-40AA-BF7C-CF0F0218AC77}.Release|Any CPU.ActiveCfg = Release|Any CPU
		{DD74B117-7D47-40AA-BF7C-CF0F0218AC77}.Release|Any CPU.Build.0 = Release|Any CPU
		{C1FE7F57-D74E-42D2-AC34-E9CB08739420}.Debug|Any CPU.ActiveCfg = Debug|Any CPU
		{C1FE7F57-D74E-42D2-AC34-E9CB08739420}.Debug|Any CPU.Build.0 = Debug|Any CPU
		{C1FE7F57-D74E-42D2-AC34-E9CB08739420}.Release|Any CPU.ActiveCfg = Release|Any CPU
		{C1FE7F57-D74E-42D2-AC34-E9CB08739420}.Release|Any CPU.Build.0 = Release|Any CPU
		{B6FF8646-E475-4724-B383-604090B0E6D0}.Debug|Any CPU.ActiveCfg = Debug|Any CPU
		{B6FF8646-E475-4724-B383-604090B0E6D0}.Debug|Any CPU.Build.0 = Debug|Any CPU
		{B6FF8646-E475-4724-B383-604090B0E6D0}.Release|Any CPU.ActiveCfg = Release|Any CPU
		{B6FF8646-E475-4724-B383-604090B0E6D0}.Release|Any CPU.Build.0 = Release|Any CPU
	EndGlobalSection
EndGlobal
